
Microsoft Visual Studio Solution File, Format Version 12.00
# Visual Studio 15
VisualStudioVersion = 15.0.28010.2050
MinimumVisualStudioVersion = 10.0.40219.1
Project("{9A19103F-16F7-4668-BE54-9A1E7A4F7556}") = "commerce", "commerce.csproj", "{BA0DF598-1F05-4D48-8660-A0BC98FE6C9D}"
EndProject
Global
	GlobalSection(SolutionConfigurationPlatforms) = preSolution
		Debug|Any CPU = Debug|Any CPU
		Release|Any CPU = Release|Any CPU
	EndGlobalSection
	GlobalSection(ProjectConfigurationPlatforms) = postSolution
		{BA0DF598-1F05-4D48-8660-A0BC98FE6C9D}.Debug|Any CPU.ActiveCfg = Debug|Any CPU
		{BA0DF598-1F05-4D48-8660-A0BC98FE6C9D}.Debug|Any CPU.Build.0 = Debug|Any CPU
		{BA0DF598-1F05-4D48-8660-A0BC98FE6C9D}.Release|Any CPU.ActiveCfg = Release|Any CPU
		{BA0DF598-1F05-4D48-8660-A0BC98FE6C9D}.Release|Any CPU.Build.0 = Release|Any CPU
	EndGlobalSection
	GlobalSection(SolutionProperties) = preSolution
		HideSolutionNode = FALSE
	EndGlobalSection
	GlobalSection(ExtensibilityGlobals) = postSolution
		SolutionGuid = {FAEF174A-1C36-4439-9B0A-4F3F456A0F2A}
	EndGlobalSection
EndGlobal
